
Microsoft Visual Studio Solution File, Format Version 12.00
# Visual Studio Version 17
VisualStudioVersion = 17.12.35707.178 d17.12
MinimumVisualStudioVersion = 10.0.40219.1
Project("{FAE04EC0-301F-11D3-BF4B-00C04F79EFBC}") = "ConferenceAttendees.Api", "ConferenceAttendees.Api\ConferenceAttendees.Api.csproj", "{0E59F2B1-3C93-4221-B1C2-21431263EF6B}"
EndProject
Global
	GlobalSection(SolutionConfigurationPlatforms) = preSolution
		Debug|Any CPU = Debug|Any CPU
		Release|Any CPU = Release|Any CPU
	EndGlobalSection
	GlobalSection(ProjectConfigurationPlatforms) = postSolution
		{0E59F2B1-3C93-4221-B1C2-21431263EF6B}.Debug|Any CPU.ActiveCfg = Debug|Any CPU
		{0E59F2B1-3C93-4221-B1C2-21431263EF6B}.Debug|Any CPU.Build.0 = Debug|Any CPU
		{0E59F2B1-3C93-4221-B1C2-21431263EF6B}.Release|Any CPU.ActiveCfg = Release|Any CPU
		{0E59F2B1-3C93-4221-B1C2-21431263EF6B}.Release|Any CPU.Build.0 = Release|Any CPU
	EndGlobalSection
	GlobalSection(SolutionProperties) = preSolution
		HideSolutionNode = FALSE
	EndGlobalSection
EndGlobal
